
Microsoft Visual Studio Solution File, Format Version 12.00
# Visual Studio Version 16
VisualStudioVersion = 16.0.30204.135
MinimumVisualStudioVersion = 10.0.40219.1
Project("{FAE04EC0-301F-11D3-BF4B-00C04F79EFBC}") = "TemplateIntegration", "TemplateIntegration.csproj", "{C0B55146-274E-4305-BCD1-FA0C97AC4D6E}"
EndProject
Global
	GlobalSection(SolutionConfigurationPlatforms) = preSolution
		Debug|Any CPU = Debug|Any CPU
		Release|Any CPU = Release|Any CPU
	EndGlobalSection
	GlobalSection(ProjectConfigurationPlatforms) = postSolution
		{C0B55146-274E-4305-BCD1-FA0C97AC4D6E}.Debug|Any CPU.ActiveCfg = Debug|Any CPU
		{C0B55146-274E-4305-BCD1-FA0C97AC4D6E}.Debug|Any CPU.Build.0 = Debug|Any CPU
		{C0B55146-274E-4305-BCD1-FA0C97AC4D6E}.Release|Any CPU.ActiveCfg = Release|Any CPU
		{C0B55146-274E-4305-BCD1-FA0C97AC4D6E}.Release|Any CPU.Build.0 = Release|Any CPU
	EndGlobalSection
	GlobalSection(SolutionProperties) = preSolution
		HideSolutionNode = FALSE
	EndGlobalSection
	GlobalSection(ExtensibilityGlobals) = postSolution
		SolutionGuid = {D189593C-3D4D-410C-B99A-473B07A09E64}
	EndGlobalSection
EndGlobal
